
Microsoft Visual Studio Solution File, Format Version 12.00
# Visual Studio Version 17
VisualStudioVersion = 17.4.33110.190
MinimumVisualStudioVersion = 10.0.40219.1
Project("{FAE04EC0-301F-11D3-BF4B-00C04F79EFBC}") = "TheGenerics", "TheGenerics\TheGenerics.csproj", "{4A1C43DF-7FE7-4891-86E4-348A0B48CDEA}"
EndProject
Project("{FAE04EC0-301F-11D3-BF4B-00C04F79EFBC}") = "CW", "CW\CW.csproj", "{E7EFE9E4-D632-4602-B88D-4634DB4EEDB3}"
EndProject
Project("{FAE04EC0-301F-11D3-BF4B-00C04F79EFBC}") = "MyData", "MyData\MyData.csproj", "{FA99B46B-BC1F-4158-8706-266586490515}"
EndProject
Project("{FAE04EC0-301F-11D3-BF4B-00C04F79EFBC}") = "CW3", "CW3\CW3.csproj", "{F1405C32-05FD-4CBE-8A3A-B3B4A327A21C}"
EndProject
Global
	GlobalSection(SolutionConfigurationPlatforms) = preSolution
		Debug|Any CPU = Debug|Any CPU
		Release|Any CPU = Release|Any CPU
	EndGlobalSection
	GlobalSection(ProjectConfigurationPlatforms) = postSolution
		{4A1C43DF-7FE7-4891-86E4-348A0B48CDEA}.Debug|Any CPU.ActiveCfg = Debug|Any CPU
		{4A1C43DF-7FE7-4891-86E4-348A0B48CDEA}.Debug|Any CPU.Build.0 = Debug|Any CPU
		{4A1C43DF-7FE7-4891-86E4-348A0B48CDEA}.Release|Any CPU.ActiveCfg = Release|Any CPU
		{4A1C43DF-7FE7-4891-86E4-348A0B48CDEA}.Release|Any CPU.Build.0 = Release|Any CPU
		{E7EFE9E4-D632-4602-B88D-4634DB4EEDB3}.Debug|Any CPU.ActiveCfg = Debug|Any CPU
		{E7EFE9E4-D632-4602-B88D-4634DB4EEDB3}.Debug|Any CPU.Build.0 = Debug|Any CPU
		{E7EFE9E4-D632-4602-B88D-4634DB4EEDB3}.Release|Any CPU.ActiveCfg = Release|Any CPU
		{E7EFE9E4-D632-4602-B88D-4634DB4EEDB3}.Release|Any CPU.Build.0 = Release|Any CPU
		{FA99B46B-BC1F-4158-8706-266586490515}.Debug|Any CPU.ActiveCfg = Debug|Any CPU
		{FA99B46B-BC1F-4158-8706-266586490515}.Debug|Any CPU.Build.0 = Debug|Any CPU
		{FA99B46B-BC1F-4158-8706-266586490515}.Release|Any CPU.ActiveCfg = Release|Any CPU
		{FA99B46B-BC1F-4158-8706-266586490515}.Release|Any CPU.Build.0 = Release|Any CPU
		{F1405C32-05FD-4CBE-8A3A-B3B4A327A21C}.Debug|Any CPU.ActiveCfg = Debug|Any CPU
		{F1405C32-05FD-4CBE-8A3A-B3B4A327A21C}.Debug|Any CPU.Build.0 = Debug|Any CPU
		{F1405C32-05FD-4CBE-8A3A-B3B4A327A21C}.Release|Any CPU.ActiveCfg = Release|Any CPU
		{F1405C32-05FD-4CBE-8A3A-B3B4A327A21C}.Release|Any CPU.Build.0 = Release|Any CPU
	EndGlobalSection
	GlobalSection(SolutionProperties) = preSolution
		HideSolutionNode = FALSE
	EndGlobalSection
	GlobalSection(ExtensibilityGlobals) = postSolution
		SolutionGuid = {A441A421-D83A-4752-8C97-AF1C12D0CCEB}
	EndGlobalSection
EndGlobal
